
Microsoft Visual Studio Solution File, Format Version 12.00
# Visual Studio Version 17
VisualStudioVersion = 17.14.36429.23 d17.14
MinimumVisualStudioVersion = 10.0.40219.1
Project("{FAE04EC0-301F-11D3-BF4B-00C04F79EFBC}") = "assignment1", "assignment1\assignment1.csproj", "{A08562EF-8608-4433-8E18-0A12EBE7BCB2}"
EndProject
Global
	GlobalSection(SolutionConfigurationPlatforms) = preSolution
		Debug|Any CPU = Debug|Any CPU
		Release|Any CPU = Release|Any CPU
	EndGlobalSection
	GlobalSection(ProjectConfigurationPlatforms) = postSolution
		{A08562EF-8608-4433-8E18-0A12EBE7BCB2}.Debug|Any CPU.ActiveCfg = Debug|Any CPU
		{A08562EF-8608-4433-8E18-0A12EBE7BCB2}.Debug|Any CPU.Build.0 = Debug|Any CPU
		{A08562EF-8608-4433-8E18-0A12EBE7BCB2}.Release|Any CPU.ActiveCfg = Release|Any CPU
		{A08562EF-8608-4433-8E18-0A12EBE7BCB2}.Release|Any CPU.Build.0 = Release|Any CPU
	EndGlobalSection
	GlobalSection(SolutionProperties) = preSolution
		HideSolutionNode = FALSE
	EndGlobalSection
	GlobalSection(ExtensibilityGlobals) = postSolution
		SolutionGuid = {5A8F02BD-285C-43D7-BD13-D113B69BE33E}
	EndGlobalSection
EndGlobal
